
Microsoft Visual Studio Solution File, Format Version 12.00
# Visual Studio Version 17
VisualStudioVersion = 17.1.32421.90
MinimumVisualStudioVersion = 10.0.40219.1
Project("{FAE04EC0-301F-11D3-BF4B-00C04F79EFBC}") = "LED Controller", "LED Controller.csproj", "{7046CBDF-849C-4581-87CE-4BEC0B986278}"
EndProject
Global
	GlobalSection(SolutionConfigurationPlatforms) = preSolution
		Debug|Any CPU = Debug|Any CPU
		Release|Any CPU = Release|Any CPU
	EndGlobalSection
	GlobalSection(ProjectConfigurationPlatforms) = postSolution
		{7046CBDF-849C-4581-87CE-4BEC0B986278}.Debug|Any CPU.ActiveCfg = Debug|Any CPU
		{7046CBDF-849C-4581-87CE-4BEC0B986278}.Debug|Any CPU.Build.0 = Debug|Any CPU
		{7046CBDF-849C-4581-87CE-4BEC0B986278}.Release|Any CPU.ActiveCfg = Release|Any CPU
		{7046CBDF-849C-4581-87CE-4BEC0B986278}.Release|Any CPU.Build.0 = Release|Any CPU
	EndGlobalSection
	GlobalSection(SolutionProperties) = preSolution
		HideSolutionNode = FALSE
	EndGlobalSection
	GlobalSection(ExtensibilityGlobals) = postSolution
		SolutionGuid = {009CD2C9-33F6-4442-B822-0511C5669682}
	EndGlobalSection
EndGlobal
